
Microsoft Visual Studio Solution File, Format Version 12.00
# Visual Studio Version 17
VisualStudioVersion = 17.7.34024.191
MinimumVisualStudioVersion = 10.0.40219.1
Project("{8BC9CEB8-8B4A-11D0-8D11-00A0C91BC942}") = "ex2", "ex2\ex2.vcxproj", "{5455F657-9DCE-4C24-B26E-400EB9315286}"
EndProject
Global
	GlobalSection(SolutionConfigurationPlatforms) = preSolution
		Debug|x64 = Debug|x64
		Debug|x86 = Debug|x86
		Release|x64 = Release|x64
		Release|x86 = Release|x86
	EndGlobalSection
	GlobalSection(ProjectConfigurationPlatforms) = postSolution
		{5455F657-9DCE-4C24-B26E-400EB9315286}.Debug|x64.ActiveCfg = Debug|x64
		{5455F657-9DCE-4C24-B26E-400EB9315286}.Debug|x64.Build.0 = Debug|x64
		{5455F657-9DCE-4C24-B26E-400EB9315286}.Debug|x86.ActiveCfg = Debug|Win32
		{5455F657-9DCE-4C24-B26E-400EB9315286}.Debug|x86.Build.0 = Debug|Win32
		{5455F657-9DCE-4C24-B26E-400EB9315286}.Release|x64.ActiveCfg = Release|x64
		{5455F657-9DCE-4C24-B26E-400EB9315286}.Release|x64.Build.0 = Release|x64
		{5455F657-9DCE-4C24-B26E-400EB9315286}.Release|x86.ActiveCfg = Release|Win32
		{5455F657-9DCE-4C24-B26E-400EB9315286}.Release|x86.Build.0 = Release|Win32
	EndGlobalSection
	GlobalSection(SolutionProperties) = preSolution
		HideSolutionNode = FALSE
	EndGlobalSection
	GlobalSection(ExtensibilityGlobals) = postSolution
		SolutionGuid = {2B588152-5E1E-40C9-89F4-E6716CD7CF44}
	EndGlobalSection
EndGlobal
